// !$*UTF8*$!
{
	archiveVersion = 1;
	classes = {
	};
	objectVersion = 51;
	objects = {

/* Begin PBXBuildFile section */
		44431B0140CF9AA4E4315E96 /* Pods_ImageDictionary.framework in Frameworks */ = {isa = PBXBuildFile; fileRef = 280823ABEC56B03411D01581 /* Pods_ImageDictionary.framework */; };
		7FFAC0C2248A720900CCF843 /* AppDelegate.swift in Sources */ = {isa = PBXBuildFile; fileRef = 7FFAC0C1248A720900CCF843 /* AppDelegate.swift */; };
		7FFAC0C7248A720900CCF843 /* Main.storyboard in Resources */ = {isa = PBXBuildFile; fileRef = 7FFAC0C5248A720900CCF843 /* Main.storyboard */; };
		7FFAC0C9248A720A00CCF843 /* Assets.xcassets in Resources */ = {isa = PBXBuildFile; fileRef = 7FFAC0C8248A720A00CCF843 /* Assets.xcassets */; };
		7FFAC0CC248A720A00CCF843 /* LaunchScreen.storyboard in Resources */ = {isa = PBXBuildFile; fileRef = 7FFAC0CA248A720A00CCF843 /* LaunchScreen.storyboard */; };
		7FFAC0D5248A722500CCF843 /* MenuViewController.swift in Sources */ = {isa = PBXBuildFile; fileRef = 7FFAC0D4248A722500CCF843 /* MenuViewController.swift */; };
		7FFAC0D7248A723400CCF843 /* ScoreViewController.swift in Sources */ = {isa = PBXBuildFile; fileRef = 7FFAC0D6248A723400CCF843 /* ScoreViewController.swift */; };
		A8146833248FFB2B00AACC66 /* ProfileViewController.swift in Sources */ = {isa = PBXBuildFile; fileRef = A8146832248FFB2B00AACC66 /* ProfileViewController.swift */; };
		A8146836248FFC8F00AACC66 /* ImagePicker.swift in Sources */ = {isa = PBXBuildFile; fileRef = A8146835248FFC8F00AACC66 /* ImagePicker.swift */; };
		A8382680248E64EE0031BB23 /* Extensions.swift in Sources */ = {isa = PBXBuildFile; fileRef = A838267F248E64EE0031BB23 /* Extensions.swift */; };
		A86BC2192493AA3100865E75 /* LanguageSaveViewController.swift in Sources */ = {isa = PBXBuildFile; fileRef = A86BC2182493AA3100865E75 /* LanguageSaveViewController.swift */; };
		A86BC21B2493AA4F00865E75 /* PurchaseLanguageViewController.swift in Sources */ = {isa = PBXBuildFile; fileRef = A86BC21A2493AA4F00865E75 /* PurchaseLanguageViewController.swift */; };
		A8752139248B6328002D7A1E /* MenuCell.swift in Sources */ = {isa = PBXBuildFile; fileRef = A8752138248B6328002D7A1E /* MenuCell.swift */; };
/* End PBXBuildFile section */

/* Begin PBXFileReference section */
		09633F6470F8AC517A1F1D0E /* Pods-ImageDictionary.release.xcconfig */ = {isa = PBXFileReference; includeInIndex = 1; lastKnownFileType = text.xcconfig; name = "Pods-ImageDictionary.release.xcconfig"; path = "Target Support Files/Pods-ImageDictionary/Pods-ImageDictionary.release.xcconfig"; sourceTree = "<group>"; };
		280823ABEC56B03411D01581 /* Pods_ImageDictionary.framework */ = {isa = PBXFileReference; explicitFileType = wrapper.framework; includeInIndex = 0; path = Pods_ImageDictionary.framework; sourceTree = BUILT_PRODUCTS_DIR; };
		7FFAC0BE248A720900CCF843 /* ImageDictionary.app */ = {isa = PBXFileReference; explicitFileType = wrapper.application; includeInIndex = 0; path = ImageDictionary.app; sourceTree = BUILT_PRODUCTS_DIR; };
		7FFAC0C1248A720900CCF843 /* AppDelegate.swift */ = {isa = PBXFileReference; lastKnownFileType = sourcecode.swift; path = AppDelegate.swift; sourceTree = "<group>"; };
		7FFAC0C6248A720900CCF843 /* Base */ = {isa = PBXFileReference; lastKnownFileType = file.storyboard; name = Base; path = Base.lproj/Main.storyboard; sourceTree = "<group>"; };
		7FFAC0C8248A720A00CCF843 /* Assets.xcassets */ = {isa = PBXFileReference; lastKnownFileType = folder.assetcatalog; path = Assets.xcassets; sourceTree = "<group>"; };
		7FFAC0CB248A720A00CCF843 /* Base */ = {isa = PBXFileReference; lastKnownFileType = file.storyboard; name = Base; path = Base.lproj/LaunchScreen.storyboard; sourceTree = "<group>"; };
		7FFAC0CD248A720A00CCF843 /* Info.plist */ = {isa = PBXFileReference; lastKnownFileType = text.plist.xml; path = Info.plist; sourceTree = "<group>"; };
		7FFAC0D4248A722500CCF843 /* MenuViewController.swift */ = {isa = PBXFileReference; lastKnownFileType = sourcecode.swift; path = MenuViewController.swift; sourceTree = "<group>"; };
		7FFAC0D6248A723400CCF843 /* ScoreViewController.swift */ = {isa = PBXFileReference; lastKnownFileType = sourcecode.swift; path = ScoreViewController.swift; sourceTree = "<group>"; };
		9F4147413E01CE67D88F0194 /* Pods-ImageDictionary.debug.xcconfig */ = {isa = PBXFileReference; includeInIndex = 1; lastKnownFileType = text.xcconfig; name = "Pods-ImageDictionary.debug.xcconfig"; path = "Target Support Files/Pods-ImageDictionary/Pods-ImageDictionary.debug.xcconfig"; sourceTree = "<group>"; };
		A8146832248FFB2B00AACC66 /* ProfileViewController.swift */ = {isa = PBXFileReference; lastKnownFileType = sourcecode.swift; path = ProfileViewController.swift; sourceTree = "<group>"; };
		A8146835248FFC8F00AACC66 /* ImagePicker.swift */ = {isa = PBXFileReference; fileEncoding = 4; lastKnownFileType = sourcecode.swift; path = ImagePicker.swift; sourceTree = "<group>"; };
		A838267F248E64EE0031BB23 /* Extensions.swift */ = {isa = PBXFileReference; lastKnownFileType = sourcecode.swift; path = Extensions.swift; sourceTree = "<group>"; };
		A86BC2182493AA3100865E75 /* LanguageSaveViewController.swift */ = {isa = PBXFileReference; lastKnownFileType = sourcecode.swift; path = LanguageSaveViewController.swift; sourceTree = "<group>"; };
		A86BC21A2493AA4F00865E75 /* PurchaseLanguageViewController.swift */ = {isa = PBXFileReference; lastKnownFileType = sourcecode.swift; path = PurchaseLanguageViewController.swift; sourceTree = "<group>"; };
		A8752138248B6328002D7A1E /* MenuCell.swift */ = {isa = PBXFileReference; lastKnownFileType = sourcecode.swift; path = MenuCell.swift; sourceTree = "<group>"; };
/* End PBXFileReference section */

/* Begin PBXFrameworksBuildPhase section */
		7FFAC0BB248A720800CCF843 /* Frameworks */ = {
			isa = PBXFrameworksBuildPhase;
			buildActionMask = 2147483647;
			files = (
				44431B0140CF9AA4E4315E96 /* Pods_ImageDictionary.framework in Frameworks */,
			);
			runOnlyForDeploymentPostprocessing = 0;
		};
/* End PBXFrameworksBuildPhase section */

/* Begin PBXGroup section */
		6C1C54F4408EAC789EAA3E55 /* Frameworks */ = {
			isa = PBXGroup;
			children = (
				280823ABEC56B03411D01581 /* Pods_ImageDictionary.framework */,
			);
			name = Frameworks;
			sourceTree = "<group>";
		};
		7FFAC0B5248A720800CCF843 = {
			isa = PBXGroup;
			children = (
				7FFAC0C0248A720900CCF843 /* ImageDictionary */,
				7FFAC0BF248A720900CCF843 /* Products */,
				826259E5DF0A39F6B8BB3E6E /* Pods */,
				6C1C54F4408EAC789EAA3E55 /* Frameworks */,
			);
			sourceTree = "<group>";
		};
		7FFAC0BF248A720900CCF843 /* Products */ = {
			isa = PBXGroup;
			children = (
				7FFAC0BE248A720900CCF843 /* ImageDictionary.app */,
			);
			name = Products;
			sourceTree = "<group>";
		};
		7FFAC0C0248A720900CCF843 /* ImageDictionary */ = {
			isa = PBXGroup;
			children = (
				A8146834248FFC8100AACC66 /* Helper */,
				A838267E248E64B80031BB23 /* Extensions */,
				A8752137248B6300002D7A1E /* Cells */,
				7FFAC0D3248A721200CCF843 /* Controller */,
				7FFAC0C1248A720900CCF843 /* AppDelegate.swift */,
				7FFAC0C5248A720900CCF843 /* Main.storyboard */,
				7FFAC0C8248A720A00CCF843 /* Assets.xcassets */,
				7FFAC0CA248A720A00CCF843 /* LaunchScreen.storyboard */,
				7FFAC0CD248A720A00CCF843 /* Info.plist */,
			);
			path = ImageDictionary;
			sourceTree = "<group>";
		};
		7FFAC0D3248A721200CCF843 /* Controller */ = {
			isa = PBXGroup;
			children = (
				7FFAC0D4248A722500CCF843 /* MenuViewController.swift */,
				7FFAC0D6248A723400CCF843 /* ScoreViewController.swift */,
				A8146832248FFB2B00AACC66 /* ProfileViewController.swift */,
				A86BC2182493AA3100865E75 /* LanguageSaveViewController.swift */,
				A86BC21A2493AA4F00865E75 /* PurchaseLanguageViewController.swift */,
			);
			path = Controller;
			sourceTree = "<group>";
		};
		826259E5DF0A39F6B8BB3E6E /* Pods */ = {
			isa = PBXGroup;
			children = (
				9F4147413E01CE67D88F0194 /* Pods-ImageDictionary.debug.xcconfig */,
				09633F6470F8AC517A1F1D0E /* Pods-ImageDictionary.release.xcconfig */,
			);
			path = Pods;
			sourceTree = "<group>";
		};
		A8146834248FFC8100AACC66 /* Helper */ = {
			isa = PBXGroup;
			children = (
				A8146835248FFC8F00AACC66 /* ImagePicker.swift */,
			);
			path = Helper;
			sourceTree = "<group>";
		};
		A838267E248E64B80031BB23 /* Extensions */ = {
			isa = PBXGroup;
			children = (
				A838267F248E64EE0031BB23 /* Extensions.swift */,
			);
			path = Extensions;
			sourceTree = "<group>";
		};
		A8752137248B6300002D7A1E /* Cells */ = {
			isa = PBXGroup;
			children = (
				A8752138248B6328002D7A1E /* MenuCell.swift */,
			);
			path = Cells;
			sourceTree = "<group>";
		};
/* End PBXGroup section */

/* Begin PBXNativeTarget section */
		7FFAC0BD248A720800CCF843 /* ImageDictionary */ = {
			isa = PBXNativeTarget;
			buildConfigurationList = 7FFAC0D0248A720A00CCF843 /* Build configuration list for PBXNativeTarget "ImageDictionary" */;
			buildPhases = (
				58314F7D6AE41319197380C0 /* [CP] Check Pods Manifest.lock */,
				7FFAC0BA248A720800CCF843 /* Sources */,
				7FFAC0BB248A720800CCF843 /* Frameworks */,
				7FFAC0BC248A720800CCF843 /* Resources */,
				24A73459DA0E274D5001BC19 /* [CP] Embed Pods Frameworks */,
			);
			buildRules = (
			);
			dependencies = (
			);
			name = ImageDictionary;
			productName = ImageDictionary;
			productReference = 7FFAC0BE248A720900CCF843 /* ImageDictionary.app */;
			productType = "com.apple.product-type.application";
		};
/* End PBXNativeTarget section */

/* Begin PBXProject section */
		7FFAC0B6248A720800CCF843 /* Project object */ = {
			isa = PBXProject;
			attributes = {
				LastSwiftUpdateCheck = 1010;
				LastUpgradeCheck = 1010;
				ORGANIZATIONNAME = user1;
				TargetAttributes = {
					7FFAC0BD248A720800CCF843 = {
						CreatedOnToolsVersion = 10.1;
					};
				};
			};
			buildConfigurationList = 7FFAC0B9248A720800CCF843 /* Build configuration list for PBXProject "ImageDictionary" */;
			compatibilityVersion = "Xcode 9.3";
			developmentRegion = en;
			hasScannedForEncodings = 0;
			knownRegions = (
				en,
				Base,
			);
			mainGroup = 7FFAC0B5248A720800CCF843;
			productRefGroup = 7FFAC0BF248A720900CCF843 /* Products */;
			projectDirPath = "";
			projectRoot = "";
			targets = (
				7FFAC0BD248A720800CCF843 /* ImageDictionary */,
			);
		};
/* End PBXProject section */

/* Begin PBXResourcesBuildPhase section */
		7FFAC0BC248A720800CCF843 /* Resources */ = {
			isa = PBXResourcesBuildPhase;
			buildActionMask = 2147483647;
			files = (
				7FFAC0CC248A720A00CCF843 /* LaunchScreen.storyboard in Resources */,
				7FFAC0C9248A720A00CCF843 /* Assets.xcassets in Resources */,
				7FFAC0C7248A720900CCF843 /* Main.storyboard in Resources */,
			);
			runOnlyForDeploymentPostprocessing = 0;
		};
/* End PBXResourcesBuildPhase section */

/* Begin PBXShellScriptBuildPhase section */
		24A73459DA0E274D5001BC19 /* [CP] Embed Pods Frameworks */ = {
			isa = PBXShellScriptBuildPhase;
			buildActionMask = 2147483647;
			files = (
			);
			inputFileListPaths = (
				"${PODS_ROOT}/Target Support Files/Pods-ImageDictionary/Pods-ImageDictionary-frameworks-${CONFIGURATION}-input-files.xcfilelist",
			);
			name = "[CP] Embed Pods Frameworks";
			outputFileListPaths = (
				"${PODS_ROOT}/Target Support Files/Pods-ImageDictionary/Pods-ImageDictionary-frameworks-${CONFIGURATION}-output-files.xcfilelist",
			);
			runOnlyForDeploymentPostprocessing = 0;
			shellPath = /bin/sh;
			shellScript = "\"${PODS_ROOT}/Target Support Files/Pods-ImageDictionary/Pods-ImageDictionary-frameworks.sh\"\n";
			showEnvVarsInLog = 0;
		};
		58314F7D6AE41319197380C0 /* [CP] Check Pods Manifest.lock */ = {
			isa = PBXShellScriptBuildPhase;
			buildActionMask = 2147483647;
			files = (
			);
			inputFileListPaths = (
			);
			inputPaths = (
				"${PODS_PODFILE_DIR_PATH}/Podfile.lock",
				"${PODS_ROOT}/Manifest.lock",
			);
			name = "[CP] Check Pods Manifest.lock";
			outputFileListPaths = (
			);
			outputPaths = (
				"$(DERIVED_FILE_DIR)/Pods-ImageDictionary-checkManifestLockResult.txt",
			);
			runOnlyForDeploymentPostprocessing = 0;
			shellPath = /bin/sh;
			shellScript = "diff \"${PODS_PODFILE_DIR_PATH}/Podfile.lock\" \"${PODS_ROOT}/Manifest.lock\" > /dev/null\nif [ $? != 0 ] ; then\n    # print error to STDERR\n    echo \"error: The sandbox is not in sync with the Podfile.lock. Run 'pod install' or update your CocoaPods installation.\" >&2\n    exit 1\nfi\n# This output is used by Xcode 'outputs' to avoid re-running this script phase.\necho \"SUCCESS\" > \"${SCRIPT_OUTPUT_FILE_0}\"\n";
			showEnvVarsInLog = 0;
		};
/* End PBXShellScriptBuildPhase section */

/* Begin PBXSourcesBuildPhase section */
		7FFAC0BA248A720800CCF843 /* Sources */ = {
			isa = PBXSourcesBuildPhase;
			buildActionMask = 2147483647;
			files = (
				A8146833248FFB2B00AACC66 /* ProfileViewController.swift in Sources */,
				A8382680248E64EE0031BB23 /* Extensions.swift in Sources */,
				A86BC2192493AA3100865E75 /* LanguageSaveViewController.swift in Sources */,
				7FFAC0D5248A722500CCF843 /* MenuViewController.swift in Sources */,
				A8146836248FFC8F00AACC66 /* ImagePicker.swift in Sources */,
				7FFAC0C2248A720900CCF843 /* AppDelegate.swift in Sources */,
				A8752139248B6328002D7A1E /* MenuCell.swift in Sources */,
				A86BC21B2493AA4F00865E75 /* PurchaseLanguageViewController.swift in Sources */,
				7FFAC0D7248A723400CCF843 /* ScoreViewController.swift in Sources */,
			);
			runOnlyForDeploymentPostprocessing = 0;
		};
/* End PBXSourcesBuildPhase section */

/* Begin PBXVariantGroup section */
		7FFAC0C5248A720900CCF843 /* Main.storyboard */ = {
			isa = PBXVariantGroup;
			children = (
				7FFAC0C6248A720900CCF843 /* Base */,
			);
			name = Main.storyboard;
			sourceTree = "<group>";
		};
		7FFAC0CA248A720A00CCF843 /* LaunchScreen.storyboard */ = {
			isa = PBXVariantGroup;
			children = (
				7FFAC0CB248A720A00CCF843 /* Base */,
			);
			name = LaunchScreen.storyboard;
			sourceTree = "<group>";
		};
/* End PBXVariantGroup section */

/* Begin XCBuildConfiguration section */
		7FFAC0CE248A720A00CCF843 /* Debug */ = {
			isa = XCBuildConfiguration;
			buildSettings = {
				ALWAYS_SEARCH_USER_PATHS = NO;
				CLANG_ANALYZER_NONNULL = YES;
				CLANG_ANALYZER_NUMBER_OBJECT_CONVERSION = YES_AGGRESSIVE;
				CLANG_CXX_LANGUAGE_STANDARD = "gnu++14";
				CLANG_CXX_LIBRARY = "libc++";
				CLANG_ENABLE_MODULES = YES;
				CLANG_ENABLE_OBJC_ARC = YES;
				CLANG_ENABLE_OBJC_WEAK = YES;
				CLANG_WARN_BLOCK_CAPTURE_AUTORELEASING = YES;
				CLANG_WARN_BOOL_CONVERSION = YES;
				CLANG_WARN_COMMA = YES;
				CLANG_WARN_CONSTANT_CONVERSION = YES;
				CLANG_WARN_DEPRECATED_OBJC_IMPLEMENTATIONS = YES;
				CLANG_WARN_DIRECT_OBJC_ISA_USAGE = YES_ERROR;
				CLANG_WARN_DOCUMENTATION_COMMENTS = YES;
				CLANG_WARN_EMPTY_BODY = YES;
				CLANG_WARN_ENUM_CONVERSION = YES;
				CLANG_WARN_INFINITE_RECURSION = YES;
				CLANG_WARN_INT_CONVERSION = YES;
				CLANG_WARN_NON_LITERAL_NULL_CONVERSION = YES;
				CLANG_WARN_OBJC_IMPLICIT_RETAIN_SELF = YES;
				CLANG_WARN_OBJC_LITERAL_CONVERSION = YES;
				CLANG_WARN_OBJC_ROOT_CLASS = YES_ERROR;
				CLANG_WARN_RANGE_LOOP_ANALYSIS = YES;
				CLANG_WARN_STRICT_PROTOTYPES = YES;
				CLANG_WARN_SUSPICIOUS_MOVE = YES;
				CLANG_WARN_UNGUARDED_AVAILABILITY = YES_AGGRESSIVE;
				CLANG_WARN_UNREACHABLE_CODE = YES;
				CLANG_WARN__DUPLICATE_METHOD_MATCH = YES;
				CODE_SIGN_IDENTITY = "iPhone Developer";
				COPY_PHASE_STRIP = NO;
				DEBUG_INFORMATION_FORMAT = dwarf;
				ENABLE_STRICT_OBJC_MSGSEND = YES;
				ENABLE_TESTABILITY = YES;
				GCC_C_LANGUAGE_STANDARD = gnu11;
				GCC_DYNAMIC_NO_PIC = NO;
				GCC_NO_COMMON_BLOCKS = YES;
				GCC_OPTIMIZATION_LEVEL = 0;
				GCC_PREPROCESSOR_DEFINITIONS = (
					"DEBUG=1",
					"$(inherited)",
				);
				GCC_WARN_64_TO_32_BIT_CONVERSION = YES;
				GCC_WARN_ABOUT_RETURN_TYPE = YES_ERROR;
				GCC_WARN_UNDECLARED_SELECTOR = YES;
				GCC_WARN_UNINITIALIZED_AUTOS = YES_AGGRESSIVE;
				GCC_WARN_UNUSED_FUNCTION = YES;
				GCC_WARN_UNUSED_VARIABLE = YES;
				IPHONEOS_DEPLOYMENT_TARGET = 12.1;
				MTL_ENABLE_DEBUG_INFO = INCLUDE_SOURCE;
				MTL_FAST_MATH = YES;
				ONLY_ACTIVE_ARCH = YES;
				SDKROOT = iphoneos;
				SWIFT_ACTIVE_COMPILATION_CONDITIONS = DEBUG;
				SWIFT_OPTIMIZATION_LEVEL = "-Onone";
			};
			name = Debug;
		};
		7FFAC0CF248A720A00CCF843 /* Release */ = {
			isa = XCBuildConfiguration;
			buildSettings = {
				ALWAYS_SEARCH_USER_PATHS = NO;
				CLANG_ANALYZER_NONNULL = YES;
				CLANG_ANALYZER_NUMBER_OBJECT_CONVERSION = YES_AGGRESSIVE;
				CLANG_CXX_LANGUAGE_STANDARD = "gnu++14";
				CLANG_CXX_LIBRARY = "libc++";
				CLANG_ENABLE_MODULES = YES;
				CLANG_ENABLE_OBJC_ARC = YES;
				CLANG_ENABLE_OBJC_WEAK = YES;
				CLANG_WARN_BLOCK_CAPTURE_AUTORELEASING = YES;
				CLANG_WARN_BOOL_CONVERSION = YES;
				CLANG_WARN_COMMA = YES;
				CLANG_WARN_CONSTANT_CONVERSION = YES;
				CLANG_WARN_DEPRECATED_OBJC_IMPLEMENTATIONS = YES;
				CLANG_WARN_DIRECT_OBJC_ISA_USAGE = YES_ERROR;
				CLANG_WARN_DOCUMENTATION_COMMENTS = YES;
				CLANG_WARN_EMPTY_BODY = YES;
				CLANG_WARN_ENUM_CONVERSION = YES;
				CLANG_WARN_INFINITE_RECURSION = YES;
				CLANG_WARN_INT_CONVERSION = YES;
				CLANG_WARN_NON_LITERAL_NULL_CONVERSION = YES;
				CLANG_WARN_OBJC_IMPLICIT_RETAIN_SELF = YES;
				CLANG_WARN_OBJC_LITERAL_CONVERSION = YES;
				CLANG_WARN_OBJC_ROOT_CLASS = YES_ERROR;
				CLANG_WARN_RANGE_LOOP_ANALYSIS = YES;
				CLANG_WARN_STRICT_PROTOTYPES = YES;
				CLANG_WARN_SUSPICIOUS_MOVE = YES;
				CLANG_WARN_UNGUARDED_AVAILABILITY = YES_AGGRESSIVE;
				CLANG_WARN_UNREACHABLE_CODE = YES;
				CLANG_WARN__DUPLICATE_METHOD_MATCH = YES;
				CODE_SIGN_IDENTITY = "iPhone Developer";
				COPY_PHASE_STRIP = NO;
				DEBUG_INFORMATION_FORMAT = "dwarf-with-dsym";
				ENABLE_NS_ASSERTIONS = NO;
				ENABLE_STRICT_OBJC_MSGSEND = YES;
				GCC_C_LANGUAGE_STANDARD = gnu11;
				GCC_NO_COMMON_BLOCKS = YES;
				GCC_WARN_64_TO_32_BIT_CONVERSION = YES;
				GCC_WARN_ABOUT_RETURN_TYPE = YES_ERROR;
				GCC_WARN_UNDECLARED_SELECTOR = YES;
				GCC_WARN_UNINITIALIZED_AUTOS = YES_AGGRESSIVE;
				GCC_WARN_UNUSED_FUNCTION = YES;
				GCC_WARN_UNUSED_VARIABLE = YES;
				IPHONEOS_DEPLOYMENT_TARGET = 12.1;
				MTL_ENABLE_DEBUG_INFO = NO;
				MTL_FAST_MATH = YES;
				SDKROOT = iphoneos;
				SWIFT_COMPILATION_MODE = wholemodule;
				SWIFT_OPTIMIZATION_LEVEL = "-O";
				VALIDATE_PRODUCT = YES;
			};
			name = Release;
		};
		7FFAC0D1248A720A00CCF843 /* Debug */ = {
			isa = XCBuildConfiguration;
			baseConfigurationReference = 9F4147413E01CE67D88F0194 /* Pods-ImageDictionary.debug.xcconfig */;
			buildSettings = {
				ASSETCATALOG_COMPILER_APPICON_NAME = AppIcon;
				CODE_SIGN_STYLE = Automatic;
				INFOPLIST_FILE = ImageDictionary/Info.plist;
				LD_RUNPATH_SEARCH_PATHS = (
					"$(inherited)",
					"@executable_path/Frameworks",
				);
				PRODUCT_BUNDLE_IDENTIFIER = com.samosys.ImageDictionary;
				PRODUCT_NAME = "$(TARGET_NAME)";
				SWIFT_VERSION = 4.2;
				TARGETED_DEVICE_FAMILY = "1,2";
			};
			name = Debug;
		};
		7FFAC0D2248A720A00CCF843 /* Release */ = {
			isa = XCBuildConfiguration;
			baseConfigurationReference = 09633F6470F8AC517A1F1D0E /* Pods-ImageDictionary.release.xcconfig */;
			buildSettings = {
				ASSETCATALOG_COMPILER_APPICON_NAME = AppIcon;
				CODE_SIGN_STYLE = Automatic;
				INFOPLIST_FILE = ImageDictionary/Info.plist;
				LD_RUNPATH_SEARCH_PATHS = (
					"$(inherited)",
					"@executable_path/Frameworks",
				);
				PRODUCT_BUNDLE_IDENTIFIER = com.samosys.ImageDictionary;
				PRODUCT_NAME = "$(TARGET_NAME)";
				SWIFT_VERSION = 4.2;
				TARGETED_DEVICE_FAMILY = "1,2";
			};
			name = Release;
		};
/* End XCBuildConfiguration section */

/* Begin XCConfigurationList section */
		7FFAC0B9248A720800CCF843 /* Build configuration list for PBXProject "ImageDictionary" */ = {
			isa = XCConfigurationList;
			buildConfigurations = (
				7FFAC0CE248A720A00CCF843 /* Debug */,
				7FFAC0CF248A720A00CCF843 /* Release */,
			);
			defaultConfigurationIsVisible = 0;
			defaultConfigurationName = Release;
		};
		7FFAC0D0248A720A00CCF843 /* Build configuration list for PBXNativeTarget "ImageDictionary" */ = {
			isa = XCConfigurationList;
			buildConfigurations = (
				7FFAC0D1248A720A00CCF843 /* Debug */,
				7FFAC0D2248A720A00CCF843 /* Release */,
			);
			defaultConfigurationIsVisible = 0;
			defaultConfigurationName = Release;
		};
/* End XCConfigurationList section */
	};
	rootObject = 7FFAC0B6248A720800CCF843 /* Project object */;
}
